
Microsoft Visual Studio Solution File, Format Version 12.00
# Visual Studio Version 16
VisualStudioVersion = 16.0.28917.181
MinimumVisualStudioVersion = 10.0.40219.1
Project("{FAE04EC0-301F-11D3-BF4B-00C04F79EFBC}") = "Timer", "Timer\Timer.csproj", "{600B5CB5-B873-490C-9EF1-BC8C9155D345}"
EndProject
Global
	GlobalSection(SolutionConfigurationPlatforms) = preSolution
		Debug|Any CPU = Debug|Any CPU
		Release|Any CPU = Release|Any CPU
	EndGlobalSection
	GlobalSection(ProjectConfigurationPlatforms) = postSolution
		{600B5CB5-B873-490C-9EF1-BC8C9155D345}.Debug|Any CPU.ActiveCfg = Debug|Any CPU
		{600B5CB5-B873-490C-9EF1-BC8C9155D345}.Debug|Any CPU.Build.0 = Debug|Any CPU
		{600B5CB5-B873-490C-9EF1-BC8C9155D345}.Release|Any CPU.ActiveCfg = Release|Any CPU
		{600B5CB5-B873-490C-9EF1-BC8C9155D345}.Release|Any CPU.Build.0 = Release|Any CPU
	EndGlobalSection
	GlobalSection(SolutionProperties) = preSolution
		HideSolutionNode = FALSE
	EndGlobalSection
	GlobalSection(ExtensibilityGlobals) = postSolution
		SolutionGuid = {7AFA44B9-8691-4836-B9FE-3CEDE1EFD562}
	EndGlobalSection
EndGlobal
